// !$*UTF8*$!
{
	archiveVersion = 1;
	classes = {
	};
	objectVersion = 50;
	objects = {

/* Begin PBXBuildFile section */
		3FB2EC1024C22769005360AC /* AppDelegate.swift in Sources */ = {isa = PBXBuildFile; fileRef = 3FB2EC0F24C22769005360AC /* AppDelegate.swift */; };
		3FB2EC1224C22769005360AC /* SceneDelegate.swift in Sources */ = {isa = PBXBuildFile; fileRef = 3FB2EC1124C22769005360AC /* SceneDelegate.swift */; };
		3FB2EC1424C22769005360AC /* ViewController.swift in Sources */ = {isa = PBXBuildFile; fileRef = 3FB2EC1324C22769005360AC /* ViewController.swift */; };
		3FB2EC1724C22769005360AC /* Main.storyboard in Resources */ = {isa = PBXBuildFile; fileRef = 3FB2EC1524C22769005360AC /* Main.storyboard */; };
		3FB2EC1924C22769005360AC /* Assets.xcassets in Resources */ = {isa = PBXBuildFile; fileRef = 3FB2EC1824C22769005360AC /* Assets.xcassets */; };
		3FB2EC1C24C22769005360AC /* LaunchScreen.storyboard in Resources */ = {isa = PBXBuildFile; fileRef = 3FB2EC1A24C22769005360AC /* LaunchScreen.storyboard */; };
		3FB2EC2724C22769005360AC /* Calculator1Tests.swift in Sources */ = {isa = PBXBuildFile; fileRef = 3FB2EC2624C22769005360AC /* Calculator1Tests.swift */; };
		3FB2EC3224C22769005360AC /* Calculator1UITests.swift in Sources */ = {isa = PBXBuildFile; fileRef = 3FB2EC3124C22769005360AC /* Calculator1UITests.swift */; };
/* End PBXBuildFile section */

/* Begin PBXContainerItemProxy section */
		3FB2EC2324C22769005360AC /* PBXContainerItemProxy */ = {
			isa = PBXContainerItemProxy;
			containerPortal = 3FB2EC0424C22769005360AC /* Project object */;
			proxyType = 1;
			remoteGlobalIDString = 3FB2EC0B24C22769005360AC;
			remoteInfo = Calculator1;
		};
		3FB2EC2E24C22769005360AC /* PBXContainerItemProxy */ = {
			isa = PBXContainerItemProxy;
			containerPortal = 3FB2EC0424C22769005360AC /* Project object */;
			proxyType = 1;
			remoteGlobalIDString = 3FB2EC0B24C22769005360AC;
			remoteInfo = Calculator1;
		};
/* End PBXContainerItemProxy section */

/* Begin PBXFileReference section */
		3FB2EC0C24C22769005360AC /* Calculator1.app */ = {isa = PBXFileReference; explicitFileType = wrapper.application; includeInIndex = 0; path = Calculator1.app; sourceTree = BUILT_PRODUCTS_DIR; };
		3FB2EC0F24C22769005360AC /* AppDelegate.swift */ = {isa = PBXFileReference; lastKnownFileType = sourcecode.swift; path = AppDelegate.swift; sourceTree = "<group>"; };
		3FB2EC1124C22769005360AC /* SceneDelegate.swift */ = {isa = PBXFileReference; lastKnownFileType = sourcecode.swift; path = SceneDelegate.swift; sourceTree = "<group>"; };
		3FB2EC1324C22769005360AC /* ViewController.swift */ = {isa = PBXFileReference; lastKnownFileType = sourcecode.swift; path = ViewController.swift; sourceTree = "<group>"; };
		3FB2EC1624C22769005360AC /* Base */ = {isa = PBXFileReference; lastKnownFileType = file.storyboard; name = Base; path = Base.lproj/Main.storyboard; sourceTree = "<group>"; };
		3FB2EC1824C22769005360AC /* Assets.xcassets */ = {isa = PBXFileReference; lastKnownFileType = folder.assetcatalog; path = Assets.xcassets; sourceTree = "<group>"; };
		3FB2EC1B24C22769005360AC /* Base */ = {isa = PBXFileReference; lastKnownFileType = file.storyboard; name = Base; path = Base.lproj/LaunchScreen.storyboard; sourceTree = "<group>"; };
		3FB2EC1D24C22769005360AC /* Info.plist */ = {isa = PBXFileReference; lastKnownFileType = text.plist.xml; path = Info.plist; sourceTree = "<group>"; };
		3FB2EC2224C22769005360AC /* Calculator1Tests.xctest */ = {isa = PBXFileReference; explicitFileType = wrapper.cfbundle; includeInIndex = 0; path = Calculator1Tests.xctest; sourceTree = BUILT_PRODUCTS_DIR; };
		3FB2EC2624C22769005360AC /* Calculator1Tests.swift */ = {isa = PBXFileReference; lastKnownFileType = sourcecode.swift; path = Calculator1Tests.swift; sourceTree = "<group>"; };
		3FB2EC2824C22769005360AC /* Info.plist */ = {isa = PBXFileReference; lastKnownFileType = text.plist.xml; path = Info.plist; sourceTree = "<group>"; };
		3FB2EC2D24C22769005360AC /* Calculator1UITests.xctest */ = {isa = PBXFileReference; explicitFileType = wrapper.cfbundle; includeInIndex = 0; path = Calculator1UITests.xctest; sourceTree = BUILT_PRODUCTS_DIR; };
		3FB2EC3124C22769005360AC /* Calculator1UITests.swift */ = {isa = PBXFileReference; lastKnownFileType = sourcecode.swift; path = Calculator1UITests.swift; sourceTree = "<group>"; };
		3FB2EC3324C22769005360AC /* Info.plist */ = {isa = PBXFileReference; lastKnownFileType = text.plist.xml; path = Info.plist; sourceTree = "<group>"; };
/* End PBXFileReference section */

/* Begin PBXFrameworksBuildPhase section */
		3FB2EC0924C22769005360AC /* Frameworks */ = {
			isa = PBXFrameworksBuildPhase;
			buildActionMask = 2147483647;
			files = (
			);
			runOnlyForDeploymentPostprocessing = 0;
		};
		3FB2EC1F24C22769005360AC /* Frameworks */ = {
			isa = PBXFrameworksBuildPhase;
			buildActionMask = 2147483647;
			files = (
			);
			runOnlyForDeploymentPostprocessing = 0;
		};
		3FB2EC2A24C22769005360AC /* Frameworks */ = {
			isa = PBXFrameworksBuildPhase;
			buildActionMask = 2147483647;
			files = (
			);
			runOnlyForDeploymentPostprocessing = 0;
		};
/* End PBXFrameworksBuildPhase section */

/* Begin PBXGroup section */
		3FB2EC0324C22769005360AC = {
			isa = PBXGroup;
			children = (
				3FB2EC0E24C22769005360AC /* Calculator1 */,
				3FB2EC2524C22769005360AC /* Calculator1Tests */,
				3FB2EC3024C22769005360AC /* Calculator1UITests */,
				3FB2EC0D24C22769005360AC /* Products */,
			);
			sourceTree = "<group>";
		};
		3FB2EC0D24C22769005360AC /* Products */ = {
			isa = PBXGroup;
			children = (
				3FB2EC0C24C22769005360AC /* Calculator1.app */,
				3FB2EC2224C22769005360AC /* Calculator1Tests.xctest */,
				3FB2EC2D24C22769005360AC /* Calculator1UITests.xctest */,
			);
			name = Products;
			sourceTree = "<group>";
		};
		3FB2EC0E24C22769005360AC /* Calculator1 */ = {
			isa = PBXGroup;
			children = (
				3FB2EC0F24C22769005360AC /* AppDelegate.swift */,
				3FB2EC1124C22769005360AC /* SceneDelegate.swift */,
				3FB2EC1324C22769005360AC /* ViewController.swift */,
				3FB2EC1524C22769005360AC /* Main.storyboard */,
				3FB2EC1824C22769005360AC /* Assets.xcassets */,
				3FB2EC1A24C22769005360AC /* LaunchScreen.storyboard */,
				3FB2EC1D24C22769005360AC /* Info.plist */,
			);
			path = Calculator1;
			sourceTree = "<group>";
		};
		3FB2EC2524C22769005360AC /* Calculator1Tests */ = {
			isa = PBXGroup;
			children = (
				3FB2EC2624C22769005360AC /* Calculator1Tests.swift */,
				3FB2EC2824C22769005360AC /* Info.plist */,
			);
			path = Calculator1Tests;
			sourceTree = "<group>";
		};
		3FB2EC3024C22769005360AC /* Calculator1UITests */ = {
			isa = PBXGroup;
			children = (
				3FB2EC3124C22769005360AC /* Calculator1UITests.swift */,
				3FB2EC3324C22769005360AC /* Info.plist */,
			);
			path = Calculator1UITests;
			sourceTree = "<group>";
		};
/* End PBXGroup section */

/* Begin PBXNativeTarget section */
		3FB2EC0B24C22769005360AC /* Calculator1 */ = {
			isa = PBXNativeTarget;
			buildConfigurationList = 3FB2EC3624C22769005360AC /* Build configuration list for PBXNativeTarget "Calculator1" */;
			buildPhases = (
				3FB2EC0824C22769005360AC /* Sources */,
				3FB2EC0924C22769005360AC /* Frameworks */,
				3FB2EC0A24C22769005360AC /* Resources */,
			);
			buildRules = (
			);
			dependencies = (
			);
			name = Calculator1;
			productName = Calculator1;
			productReference = 3FB2EC0C24C22769005360AC /* Calculator1.app */;
			productType = "com.apple.product-type.application";
		};
		3FB2EC2124C22769005360AC /* Calculator1Tests */ = {
			isa = PBXNativeTarget;
			buildConfigurationList = 3FB2EC3924C22769005360AC /* Build configuration list for PBXNativeTarget "Calculator1Tests" */;
			buildPhases = (
				3FB2EC1E24C22769005360AC /* Sources */,
				3FB2EC1F24C22769005360AC /* Frameworks */,
				3FB2EC2024C22769005360AC /* Resources */,
			);
			buildRules = (
			);
			dependencies = (
				3FB2EC2424C22769005360AC /* PBXTargetDependency */,
			);
			name = Calculator1Tests;
			productName = Calculator1Tests;
			productReference = 3FB2EC2224C22769005360AC /* Calculator1Tests.xctest */;
			productType = "com.apple.product-type.bundle.unit-test";
		};
		3FB2EC2C24C22769005360AC /* Calculator1UITests */ = {
			isa = PBXNativeTarget;
			buildConfigurationList = 3FB2EC3C24C22769005360AC /* Build configuration list for PBXNativeTarget "Calculator1UITests" */;
			buildPhases = (
				3FB2EC2924C22769005360AC /* Sources */,
				3FB2EC2A24C22769005360AC /* Frameworks */,
				3FB2EC2B24C22769005360AC /* Resources */,
			);
			buildRules = (
			);
			dependencies = (
				3FB2EC2F24C22769005360AC /* PBXTargetDependency */,
			);
			name = Calculator1UITests;
			productName = Calculator1UITests;
			productReference = 3FB2EC2D24C22769005360AC /* Calculator1UITests.xctest */;
			productType = "com.apple.product-type.bundle.ui-testing";
		};
/* End PBXNativeTarget section */

/* Begin PBXProject section */
		3FB2EC0424C22769005360AC /* Project object */ = {
			isa = PBXProject;
			attributes = {
				LastSwiftUpdateCheck = 1130;
				LastUpgradeCheck = 1130;
				ORGANIZATIONNAME = Morgan;
				TargetAttributes = {
					3FB2EC0B24C22769005360AC = {
						CreatedOnToolsVersion = 11.3.1;
					};
					3FB2EC2124C22769005360AC = {
						CreatedOnToolsVersion = 11.3.1;
						TestTargetID = 3FB2EC0B24C22769005360AC;
					};
					3FB2EC2C24C22769005360AC = {
						CreatedOnToolsVersion = 11.3.1;
						TestTargetID = 3FB2EC0B24C22769005360AC;
					};
				};
			};
			buildConfigurationList = 3FB2EC0724C22769005360AC /* Build configuration list for PBXProject "Calculator1" */;
			compatibilityVersion = "Xcode 9.3";
			developmentRegion = en;
			hasScannedForEncodings = 0;
			knownRegions = (
				en,
				Base,
			);
			mainGroup = 3FB2EC0324C22769005360AC;
			productRefGroup = 3FB2EC0D24C22769005360AC /* Products */;
			projectDirPath = "";
			projectRoot = "";
			targets = (
				3FB2EC0B24C22769005360AC /* Calculator1 */,
				3FB2EC2124C22769005360AC /* Calculator1Tests */,
				3FB2EC2C24C22769005360AC /* Calculator1UITests */,
			);
		};
/* End PBXProject section */

/* Begin PBXResourcesBuildPhase section */
		3FB2EC0A24C22769005360AC /* Resources */ = {
			isa = PBXResourcesBuildPhase;
			buildActionMask = 2147483647;
			files = (
				3FB2EC1C24C22769005360AC /* LaunchScreen.storyboard in Resources */,
				3FB2EC1924C22769005360AC /* Assets.xcassets in Resources */,
				3FB2EC1724C22769005360AC /* Main.storyboard in Resources */,
			);
			runOnlyForDeploymentPostprocessing = 0;
		};
		3FB2EC2024C22769005360AC /* Resources */ = {
			isa = PBXResourcesBuildPhase;
			buildActionMask = 2147483647;
			files = (
			);
			runOnlyForDeploymentPostprocessing = 0;
		};
		3FB2EC2B24C22769005360AC /* Resources */ = {
			isa = PBXResourcesBuildPhase;
			buildActionMask = 2147483647;
			files = (
			);
			runOnlyForDeploymentPostprocessing = 0;
		};
/* End PBXResourcesBuildPhase section */

/* Begin PBXSourcesBuildPhase section */
		3FB2EC0824C22769005360AC /* Sources */ = {
			isa = PBXSourcesBuildPhase;
			buildActionMask = 2147483647;
			files = (
				3FB2EC1424C22769005360AC /* ViewController.swift in Sources */,
				3FB2EC1024C22769005360AC /* AppDelegate.swift in Sources */,
				3FB2EC1224C22769005360AC /* SceneDelegate.swift in Sources */,
			);
			runOnlyForDeploymentPostprocessing = 0;
		};
		3FB2EC1E24C22769005360AC /* Sources */ = {
			isa = PBXSourcesBuildPhase;
			buildActionMask = 2147483647;
			files = (
				3FB2EC2724C22769005360AC /* Calculator1Tests.swift in Sources */,
			);
			runOnlyForDeploymentPostprocessing = 0;
		};
		3FB2EC2924C22769005360AC /* Sources */ = {
			isa = PBXSourcesBuildPhase;
			buildActionMask = 2147483647;
			files = (
				3FB2EC3224C22769005360AC /* Calculator1UITests.swift in Sources */,
			);
			runOnlyForDeploymentPostprocessing = 0;
		};
/* End PBXSourcesBuildPhase section */

/* Begin PBXTargetDependency section */
		3FB2EC2424C22769005360AC /* PBXTargetDependency */ = {
			isa = PBXTargetDependency;
			target = 3FB2EC0B24C22769005360AC /* Calculator1 */;
			targetProxy = 3FB2EC2324C22769005360AC /* PBXContainerItemProxy */;
		};
		3FB2EC2F24C22769005360AC /* PBXTargetDependency */ = {
			isa = PBXTargetDependency;
			target = 3FB2EC0B24C22769005360AC /* Calculator1 */;
			targetProxy = 3FB2EC2E24C22769005360AC /* PBXContainerItemProxy */;
		};
/* End PBXTargetDependency section */

/* Begin PBXVariantGroup section */
		3FB2EC1524C22769005360AC /* Main.storyboard */ = {
			isa = PBXVariantGroup;
			children = (
				3FB2EC1624C22769005360AC /* Base */,
			);
			name = Main.storyboard;
			sourceTree = "<group>";
		};
		3FB2EC1A24C22769005360AC /* LaunchScreen.storyboard */ = {
			isa = PBXVariantGroup;
			children = (
				3FB2EC1B24C22769005360AC /* Base */,
			);
			name = LaunchScreen.storyboard;
			sourceTree = "<group>";
		};
/* End PBXVariantGroup section */

/* Begin XCBuildConfiguration section */
		3FB2EC3424C22769005360AC /* Debug */ = {
			isa = XCBuildConfiguration;
			buildSettings = {
				ALWAYS_SEARCH_USER_PATHS = NO;
				CLANG_ANALYZER_NONNULL = YES;
				CLANG_ANALYZER_NUMBER_OBJECT_CONVERSION = YES_AGGRESSIVE;
				CLANG_CXX_LANGUAGE_STANDARD = "gnu++14";
				CLANG_CXX_LIBRARY = "libc++";
				CLANG_ENABLE_MODULES = YES;
				CLANG_ENABLE_OBJC_ARC = YES;
				CLANG_ENABLE_OBJC_WEAK = YES;
				CLANG_WARN_BLOCK_CAPTURE_AUTORELEASING = YES;
				CLANG_WARN_BOOL_CONVERSION = YES;
				CLANG_WARN_COMMA = YES;
				CLANG_WARN_CONSTANT_CONVERSION = YES;
				CLANG_WARN_DEPRECATED_OBJC_IMPLEMENTATIONS = YES;
				CLANG_WARN_DIRECT_OBJC_ISA_USAGE = YES_ERROR;
				CLANG_WARN_DOCUMENTATION_COMMENTS = YES;
				CLANG_WARN_EMPTY_BODY = YES;
				CLANG_WARN_ENUM_CONVERSION = YES;
				CLANG_WARN_INFINITE_RECURSION = YES;
				CLANG_WARN_INT_CONVERSION = YES;
				CLANG_WARN_NON_LITERAL_NULL_CONVERSION = YES;
				CLANG_WARN_OBJC_IMPLICIT_RETAIN_SELF = YES;
				CLANG_WARN_OBJC_LITERAL_CONVERSION = YES;
				CLANG_WARN_OBJC_ROOT_CLASS = YES_ERROR;
				CLANG_WARN_RANGE_LOOP_ANALYSIS = YES;
				CLANG_WARN_STRICT_PROTOTYPES = YES;
				CLANG_WARN_SUSPICIOUS_MOVE = YES;
				CLANG_WARN_UNGUARDED_AVAILABILITY = YES_AGGRESSIVE;
				CLANG_WARN_UNREACHABLE_CODE = YES;
				CLANG_WARN__DUPLICATE_METHOD_MATCH = YES;
				COPY_PHASE_STRIP = NO;
				DEBUG_INFORMATION_FORMAT = dwarf;
				ENABLE_STRICT_OBJC_MSGSEND = YES;
				ENABLE_TESTABILITY = YES;
				GCC_C_LANGUAGE_STANDARD = gnu11;
				GCC_DYNAMIC_NO_PIC = NO;
				GCC_NO_COMMON_BLOCKS = YES;
				GCC_OPTIMIZATION_LEVEL = 0;
				GCC_PREPROCESSOR_DEFINITIONS = (
					"DEBUG=1",
					"$(inherited)",
				);
				GCC_WARN_64_TO_32_BIT_CONVERSION = YES;
				GCC_WARN_ABOUT_RETURN_TYPE = YES_ERROR;
				GCC_WARN_UNDECLARED_SELECTOR = YES;
				GCC_WARN_UNINITIALIZED_AUTOS = YES_AGGRESSIVE;
				GCC_WARN_UNUSED_FUNCTION = YES;
				GCC_WARN_UNUSED_VARIABLE = YES;
				IPHONEOS_DEPLOYMENT_TARGET = 13.2;
				MTL_ENABLE_DEBUG_INFO = INCLUDE_SOURCE;
				MTL_FAST_MATH = YES;
				ONLY_ACTIVE_ARCH = YES;
				SDKROOT = iphoneos;
				SWIFT_ACTIVE_COMPILATION_CONDITIONS = DEBUG;
				SWIFT_OPTIMIZATION_LEVEL = "-Onone";
			};
			name = Debug;
		};
		3FB2EC3524C22769005360AC /* Release */ = {
			isa = XCBuildConfiguration;
			buildSettings = {
				ALWAYS_SEARCH_USER_PATHS = NO;
				CLANG_ANALYZER_NONNULL = YES;
				CLANG_ANALYZER_NUMBER_OBJECT_CONVERSION = YES_AGGRESSIVE;
				CLANG_CXX_LANGUAGE_STANDARD = "gnu++14";
				CLANG_CXX_LIBRARY = "libc++";
				CLANG_ENABLE_MODULES = YES;
				CLANG_ENABLE_OBJC_ARC = YES;
				CLANG_ENABLE_OBJC_WEAK = YES;
				CLANG_WARN_BLOCK_CAPTURE_AUTORELEASING = YES;
				CLANG_WARN_BOOL_CONVERSION = YES;
				CLANG_WARN_COMMA = YES;
				CLANG_WARN_CONSTANT_CONVERSION = YES;
				CLANG_WARN_DEPRECATED_OBJC_IMPLEMENTATIONS = YES;
				CLANG_WARN_DIRECT_OBJC_ISA_USAGE = YES_ERROR;
				CLANG_WARN_DOCUMENTATION_COMMENTS = YES;
				CLANG_WARN_EMPTY_BODY = YES;
				CLANG_WARN_ENUM_CONVERSION = YES;
				CLANG_WARN_INFINITE_RECURSION = YES;
				CLANG_WARN_INT_CONVERSION = YES;
				CLANG_WARN_NON_LITERAL_NULL_CONVERSION = YES;
				CLANG_WARN_OBJC_IMPLICIT_RETAIN_SELF = YES;
				CLANG_WARN_OBJC_LITERAL_CONVERSION = YES;
				CLANG_WARN_OBJC_ROOT_CLASS = YES_ERROR;
				CLANG_WARN_RANGE_LOOP_ANALYSIS = YES;
				CLANG_WARN_STRICT_PROTOTYPES = YES;
				CLANG_WARN_SUSPICIOUS_MOVE = YES;
				CLANG_WARN_UNGUARDED_AVAILABILITY = YES_AGGRESSIVE;
				CLANG_WARN_UNREACHABLE_CODE = YES;
				CLANG_WARN__DUPLICATE_METHOD_MATCH = YES;
				COPY_PHASE_STRIP = NO;
				DEBUG_INFORMATION_FORMAT = "dwarf-with-dsym";
				ENABLE_NS_ASSERTIONS = NO;
				ENABLE_STRICT_OBJC_MSGSEND = YES;
				GCC_C_LANGUAGE_STANDARD = gnu11;
				GCC_NO_COMMON_BLOCKS = YES;
				GCC_WARN_64_TO_32_BIT_CONVERSION = YES;
				GCC_WARN_ABOUT_RETURN_TYPE = YES_ERROR;
				GCC_WARN_UNDECLARED_SELECTOR = YES;
				GCC_WARN_UNINITIALIZED_AUTOS = YES_AGGRESSIVE;
				GCC_WARN_UNUSED_FUNCTION = YES;
				GCC_WARN_UNUSED_VARIABLE = YES;
				IPHONEOS_DEPLOYMENT_TARGET = 13.2;
				MTL_ENABLE_DEBUG_INFO = NO;
				MTL_FAST_MATH = YES;
				SDKROOT = iphoneos;
				SWIFT_COMPILATION_MODE = wholemodule;
				SWIFT_OPTIMIZATION_LEVEL = "-O";
				VALIDATE_PRODUCT = YES;
			};
			name = Release;
		};
		3FB2EC3724C22769005360AC /* Debug */ = {
			isa = XCBuildConfiguration;
			buildSettings = {
				ASSETCATALOG_COMPILER_APPICON_NAME = AppIcon;
				CODE_SIGN_STYLE = Automatic;
				INFOPLIST_FILE = Calculator1/Info.plist;
				LD_RUNPATH_SEARCH_PATHS = (
					"$(inherited)",
					"@executable_path/Frameworks",
				);
				PRODUCT_BUNDLE_IDENTIFIER = admin.Calculator1;
				PRODUCT_NAME = "$(TARGET_NAME)";
				SWIFT_VERSION = 5.0;
				TARGETED_DEVICE_FAMILY = "1,2";
			};
			name = Debug;
		};
		3FB2EC3824C22769005360AC /* Release */ = {
			isa = XCBuildConfiguration;
			buildSettings = {
				ASSETCATALOG_COMPILER_APPICON_NAME = AppIcon;
				CODE_SIGN_STYLE = Automatic;
				INFOPLIST_FILE = Calculator1/Info.plist;
				LD_RUNPATH_SEARCH_PATHS = (
					"$(inherited)",
					"@executable_path/Frameworks",
				);
				PRODUCT_BUNDLE_IDENTIFIER = admin.Calculator1;
				PRODUCT_NAME = "$(TARGET_NAME)";
				SWIFT_VERSION = 5.0;
				TARGETED_DEVICE_FAMILY = "1,2";
			};
			name = Release;
		};
		3FB2EC3A24C22769005360AC /* Debug */ = {
			isa = XCBuildConfiguration;
			buildSettings = {
				ALWAYS_EMBED_SWIFT_STANDARD_LIBRARIES = YES;
				BUNDLE_LOADER = "$(TEST_HOST)";
				CODE_SIGN_STYLE = Automatic;
				INFOPLIST_FILE = Calculator1Tests/Info.plist;
				IPHONEOS_DEPLOYMENT_TARGET = 13.2;
				LD_RUNPATH_SEARCH_PATHS = (
					"$(inherited)",
					"@executable_path/Frameworks",
					"@loader_path/Frameworks",
				);
				PRODUCT_BUNDLE_IDENTIFIER = admin.Calculator1Tests;
				PRODUCT_NAME = "$(TARGET_NAME)";
				SWIFT_VERSION = 5.0;
				TARGETED_DEVICE_FAMILY = "1,2";
				TEST_HOST = "$(BUILT_PRODUCTS_DIR)/Calculator1.app/Calculator1";
			};
			name = Debug;
		};
		3FB2EC3B24C22769005360AC /* Release */ = {
			isa = XCBuildConfiguration;
			buildSettings = {
				ALWAYS_EMBED_SWIFT_STANDARD_LIBRARIES = YES;
				BUNDLE_LOADER = "$(TEST_HOST)";
				CODE_SIGN_STYLE = Automatic;
				INFOPLIST_FILE = Calculator1Tests/Info.plist;
				IPHONEOS_DEPLOYMENT_TARGET = 13.2;
				LD_RUNPATH_SEARCH_PATHS = (
					"$(inherited)",
					"@executable_path/Frameworks",
					"@loader_path/Frameworks",
				);
				PRODUCT_BUNDLE_IDENTIFIER = admin.Calculator1Tests;
				PRODUCT_NAME = "$(TARGET_NAME)";
				SWIFT_VERSION = 5.0;
				TARGETED_DEVICE_FAMILY = "1,2";
				TEST_HOST = "$(BUILT_PRODUCTS_DIR)/Calculator1.app/Calculator1";
			};
			name = Release;
		};
		3FB2EC3D24C22769005360AC /* Debug */ = {
			isa = XCBuildConfiguration;
			buildSettings = {
				ALWAYS_EMBED_SWIFT_STANDARD_LIBRARIES = YES;
				CODE_SIGN_STYLE = Automatic;
				INFOPLIST_FILE = Calculator1UITests/Info.plist;
				LD_RUNPATH_SEARCH_PATHS = (
					"$(inherited)",
					"@executable_path/Frameworks",
					"@loader_path/Frameworks",
				);
				PRODUCT_BUNDLE_IDENTIFIER = admin.Calculator1UITests;
				PRODUCT_NAME = "$(TARGET_NAME)";
				SWIFT_VERSION = 5.0;
				TARGETED_DEVICE_FAMILY = "1,2";
				TEST_TARGET_NAME = Calculator1;
			};
			name = Debug;
		};
		3FB2EC3E24C22769005360AC /* Release */ = {
			isa = XCBuildConfiguration;
			buildSettings = {
				ALWAYS_EMBED_SWIFT_STANDARD_LIBRARIES = YES;
				CODE_SIGN_STYLE = Automatic;
				INFOPLIST_FILE = Calculator1UITests/Info.plist;
				LD_RUNPATH_SEARCH_PATHS = (
					"$(inherited)",
					"@executable_path/Frameworks",
					"@loader_path/Frameworks",
				);
				PRODUCT_BUNDLE_IDENTIFIER = admin.Calculator1UITests;
				PRODUCT_NAME = "$(TARGET_NAME)";
				SWIFT_VERSION = 5.0;
				TARGETED_DEVICE_FAMILY = "1,2";
				TEST_TARGET_NAME = Calculator1;
			};
			name = Release;
		};
/* End XCBuildConfiguration section */

/* Begin XCConfigurationList section */
		3FB2EC0724C22769005360AC /* Build configuration list for PBXProject "Calculator1" */ = {
			isa = XCConfigurationList;
			buildConfigurations = (
				3FB2EC3424C22769005360AC /* Debug */,
				3FB2EC3524C22769005360AC /* Release */,
			);
			defaultConfigurationIsVisible = 0;
			defaultConfigurationName = Release;
		};
		3FB2EC3624C22769005360AC /* Build configuration list for PBXNativeTarget "Calculator1" */ = {
			isa = XCConfigurationList;
			buildConfigurations = (
				3FB2EC3724C22769005360AC /* Debug */,
				3FB2EC3824C22769005360AC /* Release */,
			);
			defaultConfigurationIsVisible = 0;
			defaultConfigurationName = Release;
		};
		3FB2EC3924C22769005360AC /* Build configuration list for PBXNativeTarget "Calculator1Tests" */ = {
			isa = XCConfigurationList;
			buildConfigurations = (
				3FB2EC3A24C22769005360AC /* Debug */,
				3FB2EC3B24C22769005360AC /* Release */,
			);
			defaultConfigurationIsVisible = 0;
			defaultConfigurationName = Release;
		};
		3FB2EC3C24C22769005360AC /* Build configuration list for PBXNativeTarget "Calculator1UITests" */ = {
			isa = XCConfigurationList;
			buildConfigurations = (
				3FB2EC3D24C22769005360AC /* Debug */,
				3FB2EC3E24C22769005360AC /* Release */,
			);
			defaultConfigurationIsVisible = 0;
			defaultConfigurationName = Release;
		};
/* End XCConfigurationList section */
	};
	rootObject = 3FB2EC0424C22769005360AC /* Project object */;
}
